{
  "name": "ejemplo-modulos",
  "version": "1.0.0",
  "lockfileVersion": 1,
  "requires": true,
  "dependencies": {
    "basic-maths": {
      "version": "2.1.1",
      "resolved": "https://registry.npmjs.org/basic-maths/-/basic-maths-2.1.1.tgz",
      "integrity": "sha512-hY/H5BWedk7hPG/MEZXDGMbpP8oiwswzUFGRGtnrV6b8TgDPB6IWPnUBzExnFWQ+pEiRWqtc6UBnpimVlPBTEw=="
    }
  }
}
